{
  "version": "5",
  "specifiers": {
    "jsr:@loat-dev/lint-plugins@0.3.12": "0.3.12"
  },
  "jsr": {
    "@loat-dev/lint-plugins@0.3.12": {
      "integrity": "4fb73792a4c99efd2957b69543bfc2be8e95298e1aac5017c3e2509f3d9b5544"
    }
  },
  "workspace": {
    "dependencies": [
      "jsr:@std/assert@^1.0.15"
    ]
  }
}
